
Microsoft Visual Studio Solution File, Format Version 12.00
# Visual Studio Version 16
VisualStudioVersion = 16.0.30717.126
MinimumVisualStudioVersion = 10.0.40219.1
Project("{9A19103F-16F7-4668-BE54-9A1E7A4F7556}") = "JS.Domain", "JS.Domain\JS.Domain.csproj", "{95313B5C-ACCC-4583-A87B-637F36744D8B}"
EndProject
Project("{9A19103F-16F7-4668-BE54-9A1E7A4F7556}") = "JS.Context", "JS.Context\JS.Context.csproj", "{1D7B7388-9138-4E66-B356-6DAE9576B796}"
EndProject
Project("{9A19103F-16F7-4668-BE54-9A1E7A4F7556}") = "JS.APIChatRoom", "JS.APIChatRoom\JS.APIChatRoom.csproj", "{74BF47DA-835F-47C7-A176-B50872939209}"
EndProject
Project("{9A19103F-16F7-4668-BE54-9A1E7A4F7556}") = "JS.APIIdentityAuthentication", "JS.APIIdentityAuthentication\JS.APIIdentityAuthentication.csproj", "{20FA05A7-CB41-46B2-9614-1F81990A1A64}"
EndProject
Project("{9A19103F-16F7-4668-BE54-9A1E7A4F7556}") = "JS.Dto", "JS.Dto\JS.Dto.csproj", "{83C6A910-5F43-4C9E-B0B0-32550593D8D2}"
EndProject
Project("{9A19103F-16F7-4668-BE54-9A1E7A4F7556}") = "JS.Repository", "JS.Repository\JS.Repository.csproj", "{026B8FEC-66DB-4A85-AAAF-DFEECAA0FE24}"
EndProject
Project("{FAE04EC0-301F-11D3-BF4B-00C04F79EFBC}") = "JS.Services", "JS.Services\JS.Services.csproj", "{B32D2D66-0880-47CB-BC01-E9B85C89C1B7}"
EndProject
Global
	GlobalSection(SolutionConfigurationPlatforms) = preSolution
		Debug|Any CPU = Debug|Any CPU
		Release|Any CPU = Release|Any CPU
	EndGlobalSection
	GlobalSection(ProjectConfigurationPlatforms) = postSolution
		{95313B5C-ACCC-4583-A87B-637F36744D8B}.Debug|Any CPU.ActiveCfg = Debug|Any CPU
		{95313B5C-ACCC-4583-A87B-637F36744D8B}.Debug|Any CPU.Build.0 = Debug|Any CPU
		{95313B5C-ACCC-4583-A87B-637F36744D8B}.Release|Any CPU.ActiveCfg = Release|Any CPU
		{95313B5C-ACCC-4583-A87B-637F36744D8B}.Release|Any CPU.Build.0 = Release|Any CPU
		{1D7B7388-9138-4E66-B356-6DAE9576B796}.Debug|Any CPU.ActiveCfg = Debug|Any CPU
		{1D7B7388-9138-4E66-B356-6DAE9576B796}.Debug|Any CPU.Build.0 = Debug|Any CPU
		{1D7B7388-9138-4E66-B356-6DAE9576B796}.Release|Any CPU.ActiveCfg = Release|Any CPU
		{1D7B7388-9138-4E66-B356-6DAE9576B796}.Release|Any CPU.Build.0 = Release|Any CPU
		{74BF47DA-835F-47C7-A176-B50872939209}.Debug|Any CPU.ActiveCfg = Debug|Any CPU
		{74BF47DA-835F-47C7-A176-B50872939209}.Debug|Any CPU.Build.0 = Debug|Any CPU
		{74BF47DA-835F-47C7-A176-B50872939209}.Release|Any CPU.ActiveCfg = Release|Any CPU
		{74BF47DA-835F-47C7-A176-B50872939209}.Release|Any CPU.Build.0 = Release|Any CPU
		{20FA05A7-CB41-46B2-9614-1F81990A1A64}.Debug|Any CPU.ActiveCfg = Debug|Any CPU
		{20FA05A7-CB41-46B2-9614-1F81990A1A64}.Debug|Any CPU.Build.0 = Debug|Any CPU
		{20FA05A7-CB41-46B2-9614-1F81990A1A64}.Release|Any CPU.ActiveCfg = Release|Any CPU
		{20FA05A7-CB41-46B2-9614-1F81990A1A64}.Release|Any CPU.Build.0 = Release|Any CPU
		{83C6A910-5F43-4C9E-B0B0-32550593D8D2}.Debug|Any CPU.ActiveCfg = Debug|Any CPU
		{83C6A910-5F43-4C9E-B0B0-32550593D8D2}.Debug|Any CPU.Build.0 = Debug|Any CPU
		{83C6A910-5F43-4C9E-B0B0-32550593D8D2}.Release|Any CPU.ActiveCfg = Release|Any CPU
		{83C6A910-5F43-4C9E-B0B0-32550593D8D2}.Release|Any CPU.Build.0 = Release|Any CPU
		{026B8FEC-66DB-4A85-AAAF-DFEECAA0FE24}.Debug|Any CPU.ActiveCfg = Debug|Any CPU
		{026B8FEC-66DB-4A85-AAAF-DFEECAA0FE24}.Debug|Any CPU.Build.0 = Debug|Any CPU
		{026B8FEC-66DB-4A85-AAAF-DFEECAA0FE24}.Release|Any CPU.ActiveCfg = Release|Any CPU
		{026B8FEC-66DB-4A85-AAAF-DFEECAA0FE24}.Release|Any CPU.Build.0 = Release|Any CPU
		{B32D2D66-0880-47CB-BC01-E9B85C89C1B7}.Debug|Any CPU.ActiveCfg = Debug|Any CPU
		{B32D2D66-0880-47CB-BC01-E9B85C89C1B7}.Debug|Any CPU.Build.0 = Debug|Any CPU
		{B32D2D66-0880-47CB-BC01-E9B85C89C1B7}.Release|Any CPU.ActiveCfg = Release|Any CPU
		{B32D2D66-0880-47CB-BC01-E9B85C89C1B7}.Release|Any CPU.Build.0 = Release|Any CPU
	EndGlobalSection
	GlobalSection(SolutionProperties) = preSolution
		HideSolutionNode = FALSE
	EndGlobalSection
	GlobalSection(ExtensibilityGlobals) = postSolution
		SolutionGuid = {6F65DA6D-0179-4896-999B-90355938F660}
	EndGlobalSection
EndGlobal
